
Microsoft Visual Studio Solution File, Format Version 12.00
# Visual Studio Version 16
VisualStudioVersion = 16.0.33920.266
MinimumVisualStudioVersion = 10.0.40219.1
Project("{FAE04EC0-301F-11D3-BF4B-00C04F79EFBC}") = "UFlowAnalyzer", "UFlowAnalyzer\UFlowAnalyzer.csproj", "{CE87160E-2A52-4533-B167-D9E33F5B83E2}"
EndProject
Project("{FAE04EC0-301F-11D3-BF4B-00C04F79EFBC}") = "UFlowAnalyzerVSIX", "UFlowAnalyzerVSIX\UFlowAnalyzerVSIX.csproj", "{1D6620B6-AD4F-4261-BD63-959DA2FC117C}"
EndProject
Global
	GlobalSection(SolutionConfigurationPlatforms) = preSolution
		Debug|Any CPU = Debug|Any CPU
		Release|Any CPU = Release|Any CPU
	EndGlobalSection
	GlobalSection(ProjectConfigurationPlatforms) = postSolution
		{CE87160E-2A52-4533-B167-D9E33F5B83E2}.Debug|Any CPU.ActiveCfg = Debug|Any CPU
		{CE87160E-2A52-4533-B167-D9E33F5B83E2}.Debug|Any CPU.Build.0 = Debug|Any CPU
		{CE87160E-2A52-4533-B167-D9E33F5B83E2}.Release|Any CPU.ActiveCfg = Release|Any CPU
		{CE87160E-2A52-4533-B167-D9E33F5B83E2}.Release|Any CPU.Build.0 = Release|Any CPU
		{1D6620B6-AD4F-4261-BD63-959DA2FC117C}.Debug|Any CPU.ActiveCfg = Debug|Any CPU
		{1D6620B6-AD4F-4261-BD63-959DA2FC117C}.Debug|Any CPU.Build.0 = Debug|Any CPU
		{1D6620B6-AD4F-4261-BD63-959DA2FC117C}.Release|Any CPU.ActiveCfg = Release|Any CPU
		{1D6620B6-AD4F-4261-BD63-959DA2FC117C}.Release|Any CPU.Build.0 = Release|Any CPU
	EndGlobalSection
	GlobalSection(SolutionProperties) = preSolution
		HideSolutionNode = FALSE
	EndGlobalSection
	GlobalSection(ExtensibilityGlobals) = postSolution
		SolutionGuid = {3550220B-3253-4DFC-9587-0D8D56E67E9B}
	EndGlobalSection
EndGlobal
